
Microsoft Visual Studio Solution File, Format Version 12.00
# Visual Studio Version 17
VisualStudioVersion = 17.4.33205.214
MinimumVisualStudioVersion = 10.0.40219.1
Project("{8BC9CEB8-8B4A-11D0-8D11-00A0C91BC942}") = "imgui", "imgui.vcxproj", "{0995EAB5-CF95-4429-92F4-FA6BD7F5BDBA}"
EndProject
Project("{8BC9CEB8-8B4A-11D0-8D11-00A0C91BC942}") = "imgui_lib", "imgui_lib.vcxproj", "{5470A534-E0F9-4585-B0AF-102388EA1024}"
EndProject
Global
	GlobalSection(SolutionConfigurationPlatforms) = preSolution
		Debug|x86 = Debug|x86
		Release|x86 = Release|x86
	EndGlobalSection
	GlobalSection(ProjectConfigurationPlatforms) = postSolution
		{0995EAB5-CF95-4429-92F4-FA6BD7F5BDBA}.Debug|x86.ActiveCfg = Debug|Win32
		{0995EAB5-CF95-4429-92F4-FA6BD7F5BDBA}.Debug|x86.Build.0 = Debug|Win32
		{0995EAB5-CF95-4429-92F4-FA6BD7F5BDBA}.Release|x86.ActiveCfg = Release|Win32
		{0995EAB5-CF95-4429-92F4-FA6BD7F5BDBA}.Release|x86.Build.0 = Release|Win32
		{5470A534-E0F9-4585-B0AF-102388EA1024}.Debug|x86.ActiveCfg = Debug|Win32
		{5470A534-E0F9-4585-B0AF-102388EA1024}.Debug|x86.Build.0 = Debug|Win32
		{5470A534-E0F9-4585-B0AF-102388EA1024}.Release|x86.ActiveCfg = Release|Win32
		{5470A534-E0F9-4585-B0AF-102388EA1024}.Release|x86.Build.0 = Release|Win32
	EndGlobalSection
	GlobalSection(SolutionProperties) = preSolution
		HideSolutionNode = FALSE
	EndGlobalSection
	GlobalSection(ExtensibilityGlobals) = postSolution
		SolutionGuid = {F91EB0D9-4122-4E74-B3C4-178803871BE4}
	EndGlobalSection
EndGlobal
